# This file is automatically @generated by Cargo.
# It is not intended for manual editing.
version = 4

[[package]]
name = "client-core"
version = "0.1.0"

[[package]]
name = "control-plane"
version = "0.1.0"

[[package]]
name = "home-node"
version = "0.1.0"

[[package]]
name = "linux-client"
version = "0.1.0"

[[package]]
name = "overlay-crypto"
version = "0.1.0"

[[package]]
name = "overlay-protocol"
version = "0.1.0"

[[package]]
name = "overlay-transport"
version = "0.1.0"

[[package]]
name = "relay"
version = "0.1.0"
