// !$*UTF8*$!
{
	archiveVersion = 1;
	classes = {
	};
	objectVersion = 77;
	objects = {

/* Begin PBXBuildFile section */
		0B4BBDE745D17AED62C4D3E0 /* BootstrapView.swift in Sources */ = {isa = PBXBuildFile; fileRef = 247BAEC395342030A6709E82 /* BootstrapView.swift */; };
		17AAC0712D6D9403A467CE5C /* BootstrapView.swift in Sources */ = {isa = PBXBuildFile; fileRef = 247BAEC395342030A6709E82 /* BootstrapView.swift */; };
		220E2DE2B5C6BF1C820BDB17 /* SecureStoreTests.swift in Sources */ = {isa = PBXBuildFile; fileRef = 982B2D6757BF9E5C501C3A6E /* SecureStoreTests.swift */; };
		41FD4EADEE7D204782908B4F /* SecureStore.swift in Sources */ = {isa = PBXBuildFile; fileRef = 2073299D9C044A5464E0D602 /* SecureStore.swift */; };
		CC37C40A72D58ABDD8DDA756 /* OverlayApp.swift in Sources */ = {isa = PBXBuildFile; fileRef = 66FC053EF2AF7DC2239ED235 /* OverlayApp.swift */; };
		D73D2E23C40C10384A76D6A6 /* SecureStore.swift in Sources */ = {isa = PBXBuildFile; fileRef = 2073299D9C044A5464E0D602 /* SecureStore.swift */; };
		FA455926FD3833C6A28F04C3 /* OverlayApp.swift in Sources */ = {isa = PBXBuildFile; fileRef = 66FC053EF2AF7DC2239ED235 /* OverlayApp.swift */; };
/* End PBXBuildFile section */

/* Begin PBXContainerItemProxy section */
		DBA0600EDDCB1A3B311E5A14 /* PBXContainerItemProxy */ = {
			isa = PBXContainerItemProxy;
			containerPortal = A2DEF70524BBB8B89C2DA582 /* Project object */;
			proxyType = 1;
			remoteGlobalIDString = DA67A22A3B476813DB24DA9E;
			remoteInfo = OverlayMac;
		};
/* End PBXContainerItemProxy section */

/* Begin PBXFileReference section */
		2073299D9C044A5464E0D602 /* SecureStore.swift */ = {isa = PBXFileReference; lastKnownFileType = sourcecode.swift; path = SecureStore.swift; sourceTree = "<group>"; };
		247BAEC395342030A6709E82 /* BootstrapView.swift */ = {isa = PBXFileReference; lastKnownFileType = sourcecode.swift; path = BootstrapView.swift; sourceTree = "<group>"; };
		66FC053EF2AF7DC2239ED235 /* OverlayApp.swift */ = {isa = PBXFileReference; lastKnownFileType = sourcecode.swift; path = OverlayApp.swift; sourceTree = "<group>"; };
		894D9524E457C4128F1767C9 /* OverlayAppTests.xctest */ = {isa = PBXFileReference; explicitFileType = wrapper.cfbundle; includeInIndex = 0; path = OverlayAppTests.xctest; sourceTree = BUILT_PRODUCTS_DIR; };
		982B2D6757BF9E5C501C3A6E /* SecureStoreTests.swift */ = {isa = PBXFileReference; lastKnownFileType = sourcecode.swift; path = SecureStoreTests.swift; sourceTree = "<group>"; };
		C636C6916DAE5783CF3DFAAF /* OverlayApp.app */ = {isa = PBXFileReference; includeInIndex = 0; lastKnownFileType = wrapper.application; path = OverlayApp.app; sourceTree = BUILT_PRODUCTS_DIR; };
		D79A7F5485532BB6371EDA2B /* OverlayMac.app */ = {isa = PBXFileReference; explicitFileType = wrapper.application; includeInIndex = 0; path = OverlayMac.app; sourceTree = BUILT_PRODUCTS_DIR; };
/* End PBXFileReference section */

/* Begin PBXGroup section */
		6C45C2507EB95AEB07D9DF70 /* OverlayApp */ = {
			isa = PBXGroup;
			children = (
				247BAEC395342030A6709E82 /* BootstrapView.swift */,
				66FC053EF2AF7DC2239ED235 /* OverlayApp.swift */,
				2073299D9C044A5464E0D602 /* SecureStore.swift */,
			);
			path = OverlayApp;
			sourceTree = "<group>";
		};
		864B4F5A6AC860462F6B2169 /* Products */ = {
			isa = PBXGroup;
			children = (
				C636C6916DAE5783CF3DFAAF /* OverlayApp.app */,
				894D9524E457C4128F1767C9 /* OverlayAppTests.xctest */,
				D79A7F5485532BB6371EDA2B /* OverlayMac.app */,
			);
			name = Products;
			sourceTree = "<group>";
		};
		9C19A0686EEFAD320C1162F9 /* OverlayAppTests */ = {
			isa = PBXGroup;
			children = (
				982B2D6757BF9E5C501C3A6E /* SecureStoreTests.swift */,
			);
			path = OverlayAppTests;
			sourceTree = "<group>";
		};
		CA3E878519CF824E6EC476E7 = {
			isa = PBXGroup;
			children = (
				6C45C2507EB95AEB07D9DF70 /* OverlayApp */,
				9C19A0686EEFAD320C1162F9 /* OverlayAppTests */,
				864B4F5A6AC860462F6B2169 /* Products */,
			);
			sourceTree = "<group>";
		};
/* End PBXGroup section */

/* Begin PBXNativeTarget section */
		26A62567B7B5115509D74F3E /* OverlayAppTests */ = {
			isa = PBXNativeTarget;
			buildConfigurationList = C5A0E9B1CB4586302F99FCA1 /* Build configuration list for PBXNativeTarget "OverlayAppTests" */;
			buildPhases = (
				2FD2B1D1BD0B6770EF9FB02E /* Sources */,
			);
			buildRules = (
			);
			dependencies = (
				C83D221762C44610F4F2BA98 /* PBXTargetDependency */,
			);
			name = OverlayAppTests;
			packageProductDependencies = (
			);
			productName = OverlayAppTests;
			productReference = 894D9524E457C4128F1767C9 /* OverlayAppTests.xctest */;
			productType = "com.apple.product-type.bundle.unit-test";
		};
		A72EE35DCC8B67041AF42773 /* OverlayApp */ = {
			isa = PBXNativeTarget;
			buildConfigurationList = 89FC474F6BF558827D8B84B0 /* Build configuration list for PBXNativeTarget "OverlayApp" */;
			buildPhases = (
				0B9325D5CE7C66CBDB02B0CA /* Sources */,
			);
			buildRules = (
			);
			dependencies = (
			);
			name = OverlayApp;
			packageProductDependencies = (
			);
			productName = OverlayApp;
			productReference = C636C6916DAE5783CF3DFAAF /* OverlayApp.app */;
			productType = "com.apple.product-type.application";
		};
		DA67A22A3B476813DB24DA9E /* OverlayMac */ = {
			isa = PBXNativeTarget;
			buildConfigurationList = E5954C520DCFDB612192CACD /* Build configuration list for PBXNativeTarget "OverlayMac" */;
			buildPhases = (
				581727B5EB19FFFC57C00515 /* Sources */,
			);
			buildRules = (
			);
			dependencies = (
			);
			name = OverlayMac;
			packageProductDependencies = (
			);
			productName = OverlayMac;
			productReference = D79A7F5485532BB6371EDA2B /* OverlayMac.app */;
			productType = "com.apple.product-type.application";
		};
/* End PBXNativeTarget section */

/* Begin PBXProject section */
		A2DEF70524BBB8B89C2DA582 /* Project object */ = {
			isa = PBXProject;
			attributes = {
				BuildIndependentTargetsInParallel = YES;
				LastUpgradeCheck = 1430;
				TargetAttributes = {
				};
			};
			buildConfigurationList = A77EFD87F75B256E3D48DA18 /* Build configuration list for PBXProject "OverlayApple" */;
			developmentRegion = en;
			hasScannedForEncodings = 0;
			knownRegions = (
				Base,
				en,
			);
			mainGroup = CA3E878519CF824E6EC476E7;
			minimizedProjectReferenceProxies = 1;
			preferredProjectObjectVersion = 77;
			productRefGroup = 864B4F5A6AC860462F6B2169 /* Products */;
			projectDirPath = "";
			projectRoot = "";
			targets = (
				A72EE35DCC8B67041AF42773 /* OverlayApp */,
				26A62567B7B5115509D74F3E /* OverlayAppTests */,
				DA67A22A3B476813DB24DA9E /* OverlayMac */,
			);
		};
/* End PBXProject section */

/* Begin PBXSourcesBuildPhase section */
		0B9325D5CE7C66CBDB02B0CA /* Sources */ = {
			isa = PBXSourcesBuildPhase;
			buildActionMask = 2147483647;
			files = (
				0B4BBDE745D17AED62C4D3E0 /* BootstrapView.swift in Sources */,
				FA455926FD3833C6A28F04C3 /* OverlayApp.swift in Sources */,
				41FD4EADEE7D204782908B4F /* SecureStore.swift in Sources */,
			);
			runOnlyForDeploymentPostprocessing = 0;
		};
		2FD2B1D1BD0B6770EF9FB02E /* Sources */ = {
			isa = PBXSourcesBuildPhase;
			buildActionMask = 2147483647;
			files = (
				220E2DE2B5C6BF1C820BDB17 /* SecureStoreTests.swift in Sources */,
			);
			runOnlyForDeploymentPostprocessing = 0;
		};
		581727B5EB19FFFC57C00515 /* Sources */ = {
			isa = PBXSourcesBuildPhase;
			buildActionMask = 2147483647;
			files = (
				17AAC0712D6D9403A467CE5C /* BootstrapView.swift in Sources */,
				CC37C40A72D58ABDD8DDA756 /* OverlayApp.swift in Sources */,
				D73D2E23C40C10384A76D6A6 /* SecureStore.swift in Sources */,
			);
			runOnlyForDeploymentPostprocessing = 0;
		};
/* End PBXSourcesBuildPhase section */

/* Begin PBXTargetDependency section */
		C83D221762C44610F4F2BA98 /* PBXTargetDependency */ = {
			isa = PBXTargetDependency;
			target = DA67A22A3B476813DB24DA9E /* OverlayMac */;
			targetProxy = DBA0600EDDCB1A3B311E5A14 /* PBXContainerItemProxy */;
		};
/* End PBXTargetDependency section */

/* Begin XCBuildConfiguration section */
		1219E5D74C1A118950AFDE90 /* Debug */ = {
			isa = XCBuildConfiguration;
			buildSettings = {
				ASSETCATALOG_COMPILER_APPICON_NAME = AppIcon;
				CODE_SIGN_IDENTITY = "iPhone Developer";
				GENERATE_INFOPLIST_FILE = YES;
				LD_RUNPATH_SEARCH_PATHS = (
					"$(inherited)",
					"@executable_path/Frameworks",
				);
				PRODUCT_BUNDLE_IDENTIFIER = dev.homeworks.overlay.ios;
				SDKROOT = iphoneos;
				TARGETED_DEVICE_FAMILY = "1,2";
			};
			name = Debug;
		};
		1C7F27D83A77EB7A4C93CED8 /* Release */ = {
			isa = XCBuildConfiguration;
			buildSettings = {
				ASSETCATALOG_COMPILER_APPICON_NAME = AppIcon;
				CODE_SIGN_IDENTITY = "iPhone Developer";
				GENERATE_INFOPLIST_FILE = YES;
				LD_RUNPATH_SEARCH_PATHS = (
					"$(inherited)",
					"@executable_path/Frameworks",
				);
				PRODUCT_BUNDLE_IDENTIFIER = dev.homeworks.overlay.ios;
				SDKROOT = iphoneos;
				TARGETED_DEVICE_FAMILY = "1,2";
			};
			name = Release;
		};
		22E803713E2E959B2CFB03CE /* Release */ = {
			isa = XCBuildConfiguration;
			buildSettings = {
				ALWAYS_SEARCH_USER_PATHS = NO;
				CLANG_ANALYZER_NONNULL = YES;
				CLANG_ANALYZER_NUMBER_OBJECT_CONVERSION = YES_AGGRESSIVE;
				CLANG_CXX_LANGUAGE_STANDARD = "gnu++14";
				CLANG_CXX_LIBRARY = "libc++";
				CLANG_ENABLE_MODULES = YES;
				CLANG_ENABLE_OBJC_ARC = YES;
				CLANG_ENABLE_OBJC_WEAK = YES;
				CLANG_WARN_BLOCK_CAPTURE_AUTORELEASING = YES;
				CLANG_WARN_BOOL_CONVERSION = YES;
				CLANG_WARN_COMMA = YES;
				CLANG_WARN_CONSTANT_CONVERSION = YES;
				CLANG_WARN_DEPRECATED_OBJC_IMPLEMENTATIONS = YES;
				CLANG_WARN_DIRECT_OBJC_ISA_USAGE = YES_ERROR;
				CLANG_WARN_DOCUMENTATION_COMMENTS = YES;
				CLANG_WARN_EMPTY_BODY = YES;
				CLANG_WARN_ENUM_CONVERSION = YES;
				CLANG_WARN_INFINITE_RECURSION = YES;
				CLANG_WARN_INT_CONVERSION = YES;
				CLANG_WARN_NON_LITERAL_NULL_CONVERSION = YES;
				CLANG_WARN_OBJC_IMPLICIT_RETAIN_SELF = YES;
				CLANG_WARN_OBJC_LITERAL_CONVERSION = YES;
				CLANG_WARN_OBJC_ROOT_CLASS = YES_ERROR;
				CLANG_WARN_QUOTED_INCLUDE_IN_FRAMEWORK_HEADER = YES;
				CLANG_WARN_RANGE_LOOP_ANALYSIS = YES;
				CLANG_WARN_STRICT_PROTOTYPES = YES;
				CLANG_WARN_SUSPICIOUS_MOVE = YES;
				CLANG_WARN_UNGUARDED_AVAILABILITY = YES_AGGRESSIVE;
				CLANG_WARN_UNREACHABLE_CODE = YES;
				CLANG_WARN__DUPLICATE_METHOD_MATCH = YES;
				COPY_PHASE_STRIP = NO;
				DEBUG_INFORMATION_FORMAT = "dwarf-with-dsym";
				ENABLE_NS_ASSERTIONS = NO;
				ENABLE_STRICT_OBJC_MSGSEND = YES;
				GCC_C_LANGUAGE_STANDARD = gnu11;
				GCC_NO_COMMON_BLOCKS = YES;
				GCC_WARN_64_TO_32_BIT_CONVERSION = YES;
				GCC_WARN_ABOUT_RETURN_TYPE = YES_ERROR;
				GCC_WARN_UNDECLARED_SELECTOR = YES;
				GCC_WARN_UNINITIALIZED_AUTOS = YES_AGGRESSIVE;
				GCC_WARN_UNUSED_FUNCTION = YES;
				GCC_WARN_UNUSED_VARIABLE = YES;
				MTL_ENABLE_DEBUG_INFO = NO;
				MTL_FAST_MATH = YES;
				PRODUCT_NAME = "$(TARGET_NAME)";
				SWIFT_COMPILATION_MODE = wholemodule;
				SWIFT_OPTIMIZATION_LEVEL = "-O";
				SWIFT_VERSION = 5.0;
			};
			name = Release;
		};
		697D3BA7BD1BA7AAA5490882 /* Debug */ = {
			isa = XCBuildConfiguration;
			buildSettings = {
				BUNDLE_LOADER = "$(TEST_HOST)";
				COMBINE_HIDPI_IMAGES = YES;
				GENERATE_INFOPLIST_FILE = YES;
				LD_RUNPATH_SEARCH_PATHS = (
					"$(inherited)",
					"@executable_path/../Frameworks",
					"@loader_path/../Frameworks",
				);
				PRODUCT_BUNDLE_IDENTIFIER = dev.homeworks.overlay.macos.tests;
				SDKROOT = macosx;
				TEST_HOST = "$(BUILT_PRODUCTS_DIR)/OverlayMac.app/Contents/MacOS/OverlayMac";
			};
			name = Debug;
		};
		77A6BACAEAEFBACC8EEEA8D4 /* Release */ = {
			isa = XCBuildConfiguration;
			buildSettings = {
				ASSETCATALOG_COMPILER_APPICON_NAME = AppIcon;
				COMBINE_HIDPI_IMAGES = YES;
				GENERATE_INFOPLIST_FILE = YES;
				LD_RUNPATH_SEARCH_PATHS = (
					"$(inherited)",
					"@executable_path/../Frameworks",
				);
				PRODUCT_BUNDLE_IDENTIFIER = dev.homeworks.overlay.macos;
				SDKROOT = macosx;
			};
			name = Release;
		};
		8F162F79FCDAF5C870E1C282 /* Debug */ = {
			isa = XCBuildConfiguration;
			buildSettings = {
				ALWAYS_SEARCH_USER_PATHS = NO;
				CLANG_ANALYZER_NONNULL = YES;
				CLANG_ANALYZER_NUMBER_OBJECT_CONVERSION = YES_AGGRESSIVE;
				CLANG_CXX_LANGUAGE_STANDARD = "gnu++14";
				CLANG_CXX_LIBRARY = "libc++";
				CLANG_ENABLE_MODULES = YES;
				CLANG_ENABLE_OBJC_ARC = YES;
				CLANG_ENABLE_OBJC_WEAK = YES;
				CLANG_WARN_BLOCK_CAPTURE_AUTORELEASING = YES;
				CLANG_WARN_BOOL_CONVERSION = YES;
				CLANG_WARN_COMMA = YES;
				CLANG_WARN_CONSTANT_CONVERSION = YES;
				CLANG_WARN_DEPRECATED_OBJC_IMPLEMENTATIONS = YES;
				CLANG_WARN_DIRECT_OBJC_ISA_USAGE = YES_ERROR;
				CLANG_WARN_DOCUMENTATION_COMMENTS = YES;
				CLANG_WARN_EMPTY_BODY = YES;
				CLANG_WARN_ENUM_CONVERSION = YES;
				CLANG_WARN_INFINITE_RECURSION = YES;
				CLANG_WARN_INT_CONVERSION = YES;
				CLANG_WARN_NON_LITERAL_NULL_CONVERSION = YES;
				CLANG_WARN_OBJC_IMPLICIT_RETAIN_SELF = YES;
				CLANG_WARN_OBJC_LITERAL_CONVERSION = YES;
				CLANG_WARN_OBJC_ROOT_CLASS = YES_ERROR;
				CLANG_WARN_QUOTED_INCLUDE_IN_FRAMEWORK_HEADER = YES;
				CLANG_WARN_RANGE_LOOP_ANALYSIS = YES;
				CLANG_WARN_STRICT_PROTOTYPES = YES;
				CLANG_WARN_SUSPICIOUS_MOVE = YES;
				CLANG_WARN_UNGUARDED_AVAILABILITY = YES_AGGRESSIVE;
				CLANG_WARN_UNREACHABLE_CODE = YES;
				CLANG_WARN__DUPLICATE_METHOD_MATCH = YES;
				COPY_PHASE_STRIP = NO;
				DEBUG_INFORMATION_FORMAT = dwarf;
				ENABLE_STRICT_OBJC_MSGSEND = YES;
				ENABLE_TESTABILITY = YES;
				GCC_C_LANGUAGE_STANDARD = gnu11;
				GCC_DYNAMIC_NO_PIC = NO;
				GCC_NO_COMMON_BLOCKS = YES;
				GCC_OPTIMIZATION_LEVEL = 0;
				GCC_PREPROCESSOR_DEFINITIONS = (
					"$(inherited)",
					"DEBUG=1",
				);
				GCC_WARN_64_TO_32_BIT_CONVERSION = YES;
				GCC_WARN_ABOUT_RETURN_TYPE = YES_ERROR;
				GCC_WARN_UNDECLARED_SELECTOR = YES;
				GCC_WARN_UNINITIALIZED_AUTOS = YES_AGGRESSIVE;
				GCC_WARN_UNUSED_FUNCTION = YES;
				GCC_WARN_UNUSED_VARIABLE = YES;
				MTL_ENABLE_DEBUG_INFO = INCLUDE_SOURCE;
				MTL_FAST_MATH = YES;
				ONLY_ACTIVE_ARCH = YES;
				PRODUCT_NAME = "$(TARGET_NAME)";
				SWIFT_ACTIVE_COMPILATION_CONDITIONS = DEBUG;
				SWIFT_OPTIMIZATION_LEVEL = "-Onone";
				SWIFT_VERSION = 5.0;
			};
			name = Debug;
		};
		C545768CC7296DBF77C1D574 /* Release */ = {
			isa = XCBuildConfiguration;
			buildSettings = {
				BUNDLE_LOADER = "$(TEST_HOST)";
				COMBINE_HIDPI_IMAGES = YES;
				GENERATE_INFOPLIST_FILE = YES;
				LD_RUNPATH_SEARCH_PATHS = (
					"$(inherited)",
					"@executable_path/../Frameworks",
					"@loader_path/../Frameworks",
				);
				PRODUCT_BUNDLE_IDENTIFIER = dev.homeworks.overlay.macos.tests;
				SDKROOT = macosx;
				TEST_HOST = "$(BUILT_PRODUCTS_DIR)/OverlayMac.app/Contents/MacOS/OverlayMac";
			};
			name = Release;
		};
		F5C1809E14481018B41FAF44 /* Debug */ = {
			isa = XCBuildConfiguration;
			buildSettings = {
				ASSETCATALOG_COMPILER_APPICON_NAME = AppIcon;
				COMBINE_HIDPI_IMAGES = YES;
				GENERATE_INFOPLIST_FILE = YES;
				LD_RUNPATH_SEARCH_PATHS = (
					"$(inherited)",
					"@executable_path/../Frameworks",
				);
				PRODUCT_BUNDLE_IDENTIFIER = dev.homeworks.overlay.macos;
				SDKROOT = macosx;
			};
			name = Debug;
		};
/* End XCBuildConfiguration section */

/* Begin XCConfigurationList section */
		89FC474F6BF558827D8B84B0 /* Build configuration list for PBXNativeTarget "OverlayApp" */ = {
			isa = XCConfigurationList;
			buildConfigurations = (
				1219E5D74C1A118950AFDE90 /* Debug */,
				1C7F27D83A77EB7A4C93CED8 /* Release */,
			);
			defaultConfigurationIsVisible = 0;
			defaultConfigurationName = Debug;
		};
		A77EFD87F75B256E3D48DA18 /* Build configuration list for PBXProject "OverlayApple" */ = {
			isa = XCConfigurationList;
			buildConfigurations = (
				8F162F79FCDAF5C870E1C282 /* Debug */,
				22E803713E2E959B2CFB03CE /* Release */,
			);
			defaultConfigurationIsVisible = 0;
			defaultConfigurationName = Debug;
		};
		C5A0E9B1CB4586302F99FCA1 /* Build configuration list for PBXNativeTarget "OverlayAppTests" */ = {
			isa = XCConfigurationList;
			buildConfigurations = (
				697D3BA7BD1BA7AAA5490882 /* Debug */,
				C545768CC7296DBF77C1D574 /* Release */,
			);
			defaultConfigurationIsVisible = 0;
			defaultConfigurationName = Debug;
		};
		E5954C520DCFDB612192CACD /* Build configuration list for PBXNativeTarget "OverlayMac" */ = {
			isa = XCConfigurationList;
			buildConfigurations = (
				F5C1809E14481018B41FAF44 /* Debug */,
				77A6BACAEAEFBACC8EEEA8D4 /* Release */,
			);
			defaultConfigurationIsVisible = 0;
			defaultConfigurationName = Debug;
		};
/* End XCConfigurationList section */
	};
	rootObject = A2DEF70524BBB8B89C2DA582 /* Project object */;
}
